
Microsoft Visual Studio Solution File, Format Version 12.00
# Visual Studio Version 16
VisualStudioVersion = 16.0.35325.158
MinimumVisualStudioVersion = 10.0.40219.1
Project("{FAE04EC0-301F-11D3-BF4B-00C04F79EFBC}") = "ConsoleApp2", "ConsoleApp2.csproj", "{EAD21FCC-53F5-4679-8A20-D9FE8ADD9A9C}"
EndProject
Global
	GlobalSection(SolutionConfigurationPlatforms) = preSolution
		Debug|Any CPU = Debug|Any CPU
		Release|Any CPU = Release|Any CPU
	EndGlobalSection
	GlobalSection(ProjectConfigurationPlatforms) = postSolution
		{EAD21FCC-53F5-4679-8A20-D9FE8ADD9A9C}.Debug|Any CPU.ActiveCfg = Debug|Any CPU
		{EAD21FCC-53F5-4679-8A20-D9FE8ADD9A9C}.Debug|Any CPU.Build.0 = Debug|Any CPU
		{EAD21FCC-53F5-4679-8A20-D9FE8ADD9A9C}.Release|Any CPU.ActiveCfg = Release|Any CPU
		{EAD21FCC-53F5-4679-8A20-D9FE8ADD9A9C}.Release|Any CPU.Build.0 = Release|Any CPU
	EndGlobalSection
	GlobalSection(SolutionProperties) = preSolution
		HideSolutionNode = FALSE
	EndGlobalSection
	GlobalSection(ExtensibilityGlobals) = postSolution
		SolutionGuid = {786BFFB5-3CEF-46EE-8DC1-63A8C6DA3FD8}
	EndGlobalSection
EndGlobal
